
Microsoft Visual Studio Solution File, Format Version 12.00
# Visual Studio Version 16
VisualStudioVersion = 16.0.31624.102
MinimumVisualStudioVersion = 10.0.40219.1
Project("{FAE04EC0-301F-11D3-BF4B-00C04F79EFBC}") = "libColecciones", "libColecciones.csproj", "{F416D3B7-F608-4ED8-B483-8D39ECCF273A}"
EndProject
Project("{FAE04EC0-301F-11D3-BF4B-00C04F79EFBC}") = "uTestDemoColecciones", "..\uTestDemoColecciones\uTestDemoColecciones.csproj", "{76DA9232-9986-4AE5-AD98-003FB8FF54AA}"
EndProject
Global
	GlobalSection(SolutionConfigurationPlatforms) = preSolution
		Debug|Any CPU = Debug|Any CPU
		Release|Any CPU = Release|Any CPU
	EndGlobalSection
	GlobalSection(ProjectConfigurationPlatforms) = postSolution
		{F416D3B7-F608-4ED8-B483-8D39ECCF273A}.Debug|Any CPU.ActiveCfg = Debug|Any CPU
		{F416D3B7-F608-4ED8-B483-8D39ECCF273A}.Debug|Any CPU.Build.0 = Debug|Any CPU
		{F416D3B7-F608-4ED8-B483-8D39ECCF273A}.Release|Any CPU.ActiveCfg = Release|Any CPU
		{F416D3B7-F608-4ED8-B483-8D39ECCF273A}.Release|Any CPU.Build.0 = Release|Any CPU
		{76DA9232-9986-4AE5-AD98-003FB8FF54AA}.Debug|Any CPU.ActiveCfg = Debug|Any CPU
		{76DA9232-9986-4AE5-AD98-003FB8FF54AA}.Debug|Any CPU.Build.0 = Debug|Any CPU
		{76DA9232-9986-4AE5-AD98-003FB8FF54AA}.Release|Any CPU.ActiveCfg = Release|Any CPU
		{76DA9232-9986-4AE5-AD98-003FB8FF54AA}.Release|Any CPU.Build.0 = Release|Any CPU
	EndGlobalSection
	GlobalSection(SolutionProperties) = preSolution
		HideSolutionNode = FALSE
	EndGlobalSection
	GlobalSection(ExtensibilityGlobals) = postSolution
		SolutionGuid = {711FF134-BC73-4DF6-B7FE-37A1386E5377}
	EndGlobalSection
EndGlobal
